
Microsoft Visual Studio Solution File, Format Version 12.00
# Visual Studio Version 17
VisualStudioVersion = 17.0.31903.59
MinimumVisualStudioVersion = 10.0.40219.1
Project("{2150E333-8FDC-42A3-9474-1A3956D46DE8}") = "legacy", "legacy", "{7353761C-B7FD-4E30-9AF6-DD710DB9C5E2}"
EndProject
Project("{FAE04EC0-301F-11D3-BF4B-00C04F79EFBC}") = "VehicleDatabase", "legacy\VehicleDatabase\VehicleDatabase.csproj", "{EFFDE195-BFB2-4BD5-BDDC-75759CBA009D}"
EndProject
Project("{FAE04EC0-301F-11D3-BF4B-00C04F79EFBC}") = "InsuranceMainframe", "legacy\InsuranceMainframe\InsuranceMainframe.csproj", "{ECEEF33E-24C0-4CB6-B206-09AED46EC213}"
EndProject
Project("{2150E333-8FDC-42A3-9474-1A3956D46DE8}") = "src", "src", "{907F1F54-F792-403C-BDFF-017A7C1DE5BF}"
EndProject
Project("{FAE04EC0-301F-11D3-BF4B-00C04F79EFBC}") = "VehicleService", "src\VehicleService\VehicleService.csproj", "{36A809A1-3F15-4E53-89BB-A9F2BE8991A6}"
EndProject
Project("{2150E333-8FDC-42A3-9474-1A3956D46DE8}") = "tests", "tests", "{0356E950-B848-407B-952C-640A26C3C098}"
EndProject
Project("{FAE04EC0-301F-11D3-BF4B-00C04F79EFBC}") = "VehicleService.Tests", "tests\VehicleService.Tests\VehicleService.Tests.csproj", "{8A4E37AD-BB42-43CA-AA1B-9F150D0594DF}"
EndProject
Project("{FAE04EC0-301F-11D3-BF4B-00C04F79EFBC}") = "InsuranceService", "src\InsuranceService\InsuranceService.csproj", "{6AACC674-94AA-47C4-AE33-B54AC049A1DE}"
EndProject
Project("{FAE04EC0-301F-11D3-BF4B-00C04F79EFBC}") = "InsuranceService.Tests", "tests\InsuranceService.Tests\InsuranceService.Tests.csproj", "{03AD6B48-74FB-42E3-A0DB-20E1833CA1D8}"
EndProject
Project("{FAE04EC0-301F-11D3-BF4B-00C04F79EFBC}") = "CustomerService", "src\CustomerService\CustomerService.csproj", "{00FFA8D5-862E-4412-BB68-8E2AB840F8DE}"
EndProject
Project("{FAE04EC0-301F-11D3-BF4B-00C04F79EFBC}") = "CustomerService.Tests", "tests\CustomerService.Tests\CustomerService.Tests.csproj", "{5D88A4AB-F70F-4ED3-9463-C75ACEF21DAA}"
EndProject
Global
	GlobalSection(SolutionConfigurationPlatforms) = preSolution
		Debug|Any CPU = Debug|Any CPU
		Release|Any CPU = Release|Any CPU
	EndGlobalSection
	GlobalSection(SolutionProperties) = preSolution
		HideSolutionNode = FALSE
	EndGlobalSection
	GlobalSection(ProjectConfigurationPlatforms) = postSolution
		{EFFDE195-BFB2-4BD5-BDDC-75759CBA009D}.Debug|Any CPU.ActiveCfg = Debug|Any CPU
		{EFFDE195-BFB2-4BD5-BDDC-75759CBA009D}.Debug|Any CPU.Build.0 = Debug|Any CPU
		{EFFDE195-BFB2-4BD5-BDDC-75759CBA009D}.Release|Any CPU.ActiveCfg = Release|Any CPU
		{EFFDE195-BFB2-4BD5-BDDC-75759CBA009D}.Release|Any CPU.Build.0 = Release|Any CPU
		{ECEEF33E-24C0-4CB6-B206-09AED46EC213}.Debug|Any CPU.ActiveCfg = Debug|Any CPU
		{ECEEF33E-24C0-4CB6-B206-09AED46EC213}.Debug|Any CPU.Build.0 = Debug|Any CPU
		{ECEEF33E-24C0-4CB6-B206-09AED46EC213}.Release|Any CPU.ActiveCfg = Release|Any CPU
		{ECEEF33E-24C0-4CB6-B206-09AED46EC213}.Release|Any CPU.Build.0 = Release|Any CPU
		{36A809A1-3F15-4E53-89BB-A9F2BE8991A6}.Debug|Any CPU.ActiveCfg = Debug|Any CPU
		{36A809A1-3F15-4E53-89BB-A9F2BE8991A6}.Debug|Any CPU.Build.0 = Debug|Any CPU
		{36A809A1-3F15-4E53-89BB-A9F2BE8991A6}.Release|Any CPU.ActiveCfg = Release|Any CPU
		{36A809A1-3F15-4E53-89BB-A9F2BE8991A6}.Release|Any CPU.Build.0 = Release|Any CPU
		{8A4E37AD-BB42-43CA-AA1B-9F150D0594DF}.Debug|Any CPU.ActiveCfg = Debug|Any CPU
		{8A4E37AD-BB42-43CA-AA1B-9F150D0594DF}.Debug|Any CPU.Build.0 = Debug|Any CPU
		{8A4E37AD-BB42-43CA-AA1B-9F150D0594DF}.Release|Any CPU.ActiveCfg = Release|Any CPU
		{8A4E37AD-BB42-43CA-AA1B-9F150D0594DF}.Release|Any CPU.Build.0 = Release|Any CPU
		{6AACC674-94AA-47C4-AE33-B54AC049A1DE}.Debug|Any CPU.ActiveCfg = Debug|Any CPU
		{6AACC674-94AA-47C4-AE33-B54AC049A1DE}.Debug|Any CPU.Build.0 = Debug|Any CPU
		{6AACC674-94AA-47C4-AE33-B54AC049A1DE}.Release|Any CPU.ActiveCfg = Release|Any CPU
		{6AACC674-94AA-47C4-AE33-B54AC049A1DE}.Release|Any CPU.Build.0 = Release|Any CPU
		{03AD6B48-74FB-42E3-A0DB-20E1833CA1D8}.Debug|Any CPU.ActiveCfg = Debug|Any CPU
		{03AD6B48-74FB-42E3-A0DB-20E1833CA1D8}.Debug|Any CPU.Build.0 = Debug|Any CPU
		{03AD6B48-74FB-42E3-A0DB-20E1833CA1D8}.Release|Any CPU.ActiveCfg = Release|Any CPU
		{03AD6B48-74FB-42E3-A0DB-20E1833CA1D8}.Release|Any CPU.Build.0 = Release|Any CPU
		{00FFA8D5-862E-4412-BB68-8E2AB840F8DE}.Debug|Any CPU.ActiveCfg = Debug|Any CPU
		{00FFA8D5-862E-4412-BB68-8E2AB840F8DE}.Debug|Any CPU.Build.0 = Debug|Any CPU
		{00FFA8D5-862E-4412-BB68-8E2AB840F8DE}.Release|Any CPU.ActiveCfg = Release|Any CPU
		{00FFA8D5-862E-4412-BB68-8E2AB840F8DE}.Release|Any CPU.Build.0 = Release|Any CPU
		{5D88A4AB-F70F-4ED3-9463-C75ACEF21DAA}.Debug|Any CPU.ActiveCfg = Debug|Any CPU
		{5D88A4AB-F70F-4ED3-9463-C75ACEF21DAA}.Debug|Any CPU.Build.0 = Debug|Any CPU
		{5D88A4AB-F70F-4ED3-9463-C75ACEF21DAA}.Release|Any CPU.ActiveCfg = Release|Any CPU
		{5D88A4AB-F70F-4ED3-9463-C75ACEF21DAA}.Release|Any CPU.Build.0 = Release|Any CPU
	EndGlobalSection
	GlobalSection(NestedProjects) = preSolution
		{EFFDE195-BFB2-4BD5-BDDC-75759CBA009D} = {7353761C-B7FD-4E30-9AF6-DD710DB9C5E2}
		{ECEEF33E-24C0-4CB6-B206-09AED46EC213} = {7353761C-B7FD-4E30-9AF6-DD710DB9C5E2}
		{36A809A1-3F15-4E53-89BB-A9F2BE8991A6} = {907F1F54-F792-403C-BDFF-017A7C1DE5BF}
		{8A4E37AD-BB42-43CA-AA1B-9F150D0594DF} = {0356E950-B848-407B-952C-640A26C3C098}
		{6AACC674-94AA-47C4-AE33-B54AC049A1DE} = {907F1F54-F792-403C-BDFF-017A7C1DE5BF}
		{03AD6B48-74FB-42E3-A0DB-20E1833CA1D8} = {0356E950-B848-407B-952C-640A26C3C098}
		{00FFA8D5-862E-4412-BB68-8E2AB840F8DE} = {907F1F54-F792-403C-BDFF-017A7C1DE5BF}
		{5D88A4AB-F70F-4ED3-9463-C75ACEF21DAA} = {0356E950-B848-407B-952C-640A26C3C098}
	EndGlobalSection
EndGlobal
