
Microsoft Visual Studio Solution File, Format Version 12.00
# Visual Studio Version 17
VisualStudioVersion = 17.0.31903.59
MinimumVisualStudioVersion = 10.0.40219.1
Project("{2150E333-8FDC-42A3-9474-1A3956D46DE8}") = "legacy", "legacy", "{7353761C-B7FD-4E30-9AF6-DD710DB9C5E2}"
EndProject
Project("{FAE04EC0-301F-11D3-BF4B-00C04F79EFBC}") = "VehicleDatabase", "legacy\VehicleDatabase\VehicleDatabase.csproj", "{EFFDE195-BFB2-4BD5-BDDC-75759CBA009D}"
EndProject
Project("{FAE04EC0-301F-11D3-BF4B-00C04F79EFBC}") = "InsuranceMainframe", "legacy\InsuranceMainframe\InsuranceMainframe.csproj", "{ECEEF33E-24C0-4CB6-B206-09AED46EC213}"
EndProject
Global
	GlobalSection(SolutionConfigurationPlatforms) = preSolution
		Debug|Any CPU = Debug|Any CPU
		Release|Any CPU = Release|Any CPU
	EndGlobalSection
	GlobalSection(SolutionProperties) = preSolution
		HideSolutionNode = FALSE
	EndGlobalSection
	GlobalSection(ProjectConfigurationPlatforms) = postSolution
		{EFFDE195-BFB2-4BD5-BDDC-75759CBA009D}.Debug|Any CPU.ActiveCfg = Debug|Any CPU
		{EFFDE195-BFB2-4BD5-BDDC-75759CBA009D}.Debug|Any CPU.Build.0 = Debug|Any CPU
		{EFFDE195-BFB2-4BD5-BDDC-75759CBA009D}.Release|Any CPU.ActiveCfg = Release|Any CPU
		{EFFDE195-BFB2-4BD5-BDDC-75759CBA009D}.Release|Any CPU.Build.0 = Release|Any CPU
		{ECEEF33E-24C0-4CB6-B206-09AED46EC213}.Debug|Any CPU.ActiveCfg = Debug|Any CPU
		{ECEEF33E-24C0-4CB6-B206-09AED46EC213}.Debug|Any CPU.Build.0 = Debug|Any CPU
		{ECEEF33E-24C0-4CB6-B206-09AED46EC213}.Release|Any CPU.ActiveCfg = Release|Any CPU
		{ECEEF33E-24C0-4CB6-B206-09AED46EC213}.Release|Any CPU.Build.0 = Release|Any CPU
	EndGlobalSection
	GlobalSection(NestedProjects) = preSolution
		{EFFDE195-BFB2-4BD5-BDDC-75759CBA009D} = {7353761C-B7FD-4E30-9AF6-DD710DB9C5E2}
		{ECEEF33E-24C0-4CB6-B206-09AED46EC213} = {7353761C-B7FD-4E30-9AF6-DD710DB9C5E2}
	EndGlobalSection
EndGlobal
